{
  "nodes": {
    "darwin": {
      "inputs": {
        "nixpkgs": [
          "nixpkgs"
        ]
      },
      "locked": {
        "lastModified": 1603560383,
        "narHash": "sha256-xCVRsjJ4OE1YX8DXj4VsiUL7DGI4LRuxm3zSbpIhgGI=",
        "owner": "LnL7",
        "repo": "nix-darwin",
        "rev": "b346a283a8b04d8ca2a73c86c6fde53a5383f852",
        "type": "github"
      },
      "original": {
        "owner": "LnL7",
        "ref": "master",
        "repo": "nix-darwin",
        "type": "github"
      }
    },
    "nixpkgs": {
      "locked": {
        "lastModified": 1602473909,
        "narHash": "sha256-tZfZhmjYNX4UrUySEjbosJO7Bj3eiCGnjfX5DkVClQw=",
        "owner": "NixOS",
        "repo": "nixpkgs",
        "rev": "cfed29bfcb28259376713005d176a6f82951014a",
        "type": "github"
      },
      "original": {
        "owner": "NixOS",
        "ref": "nixpkgs-unstable",
        "repo": "nixpkgs",
        "type": "github"
      }
    },
    "root": {
      "inputs": {
        "darwin": "darwin",
        "nixpkgs": "nixpkgs"
      }
    }
  },
  "root": "root",
  "version": 7
}
