{
  "nodes": {
    "darwin": {
      "inputs": {
        "nixpkgs": [
          "nixpkgs"
        ]
      },
      "locked": {
        "lastModified": 1603626999,
        "narHash": "sha256-pREWehzmdm1Shk4hBdZRB1dkTdhUxas5lK0Zgu4PNPU=",
        "owner": "LnL7",
        "repo": "nix-darwin",
        "rev": "0dba44e04c33a69ec4c46e43de0ed024c1f7b75e",
        "type": "github"
      },
      "original": {
        "owner": "LnL7",
        "ref": "master",
        "repo": "nix-darwin",
        "type": "github"
      }
    },
    "devshell": {
      "locked": {
        "lastModified": 1605514881,
        "narHash": "sha256-VQSDuxbQyQfLdYSNZUdfnvN9CFU8ZjItkP394LpimTk=",
        "owner": "numtide",
        "repo": "devshell",
        "rev": "7045ccb2c3ed824d7b46bb35821e84676118de9e",
        "type": "github"
      },
      "original": {
        "owner": "numtide",
        "repo": "devshell",
        "type": "github"
      }
    },
    "home-manager": {
      "inputs": {
        "nixpkgs": [
          "nixpkgs"
        ]
      },
      "locked": {
        "lastModified": 1603662906,
        "narHash": "sha256-d9Ww4Fa9WB00JLaqXN/cp41rVxF/MXGr3SbhMY5f11k=",
        "owner": "nix-community",
        "repo": "home-manager",
        "rev": "28eb093a1e6999d52e60811008b4bfc7e20cc591",
        "type": "github"
      },
      "original": {
        "owner": "nix-community",
        "repo": "home-manager",
        "type": "github"
      }
    },
    "nixpkgs": {
      "locked": {
        "lastModified": 1606005262,
        "narHash": "sha256-hHxGgCwn6WJ/vLJJCrneq6NLDibWMTYXOrvcsvsZnec=",
        "owner": "NixOS",
        "repo": "nixpkgs",
        "rev": "1f86723ec9ea3dbd3159827f883fac255408540f",
        "type": "github"
      },
      "original": {
        "owner": "NixOS",
        "ref": "nixpkgs-20.09-darwin",
        "repo": "nixpkgs",
        "type": "github"
      }
    },
    "root": {
      "inputs": {
        "darwin": "darwin",
        "devshell": "devshell",
        "home-manager": "home-manager",
        "nixpkgs": "nixpkgs",
        "ulid": "ulid"
      }
    },
    "ulid": {
      "inputs": {
        "nixpkgs": [
          "nixpkgs"
        ]
      },
      "locked": {
        "lastModified": 1605955104,
        "narHash": "sha256-EyZvJ2zw1DfbSGtIU8/UTrwn1Y7N6G/NmBaAX8C0UBg=",
        "owner": "jamesottaway",
        "repo": "ulid",
        "rev": "b9f4ea9b9548169f3fcbcc20b8859427b489f91f",
        "type": "github"
      },
      "original": {
        "owner": "jamesottaway",
        "repo": "ulid",
        "type": "github"
      }
    }
  },
  "root": "root",
  "version": 7
}
