{
  "nodes": {
    "armada": {
      "inputs": {
        "nixpkgs": [
          "nixpkgs"
        ],
        "utils": "utils"
      },
      "locked": {
        "lastModified": 1619078198,
        "narHash": "sha256-b3OLYf096H8rtB5+tQjPBQ6VG6uQyi3IU3OP74VjIMM=",
        "ref": "nix",
        "rev": "50961369a63285e0d73e7f77b63d7f9cea947b02",
        "revCount": 217,
        "type": "git",
        "url": "ssh://git@github.com/hireupau/armada"
      },
      "original": {
        "ref": "nix",
        "type": "git",
        "url": "ssh://git@github.com/hireupau/armada"
      }
    },
    "darwin": {
      "inputs": {
        "nixpkgs": [
          "nixpkgs"
        ]
      },
      "locked": {
        "lastModified": 1617693609,
        "narHash": "sha256-/+6wm08yHK8mhyljzELD4WE9Gh8XUVbHL0R1TQpZtTQ=",
        "owner": "LnL7",
        "repo": "nix-darwin",
        "rev": "a7492a8c76dcc702d0a65cd820a5f9baa8702684",
        "type": "github"
      },
      "original": {
        "owner": "LnL7",
        "ref": "master",
        "repo": "nix-darwin",
        "type": "github"
      }
    },
    "hireup": {
      "locked": {
        "lastModified": 1619587244,
        "narHash": "sha256-vrvLDEwyk6cE7lQv36Vy4SYpkEw+JtESvjmgxqZveZ0=",
        "ref": "main",
        "rev": "df9e0e6a00190c436dd321d100a24b8ff502d378",
        "revCount": 2,
        "type": "git",
        "url": "ssh://git@github.com/jamesottaway/hireup"
      },
      "original": {
        "ref": "main",
        "type": "git",
        "url": "ssh://git@github.com/jamesottaway/hireup"
      }
    },
    "home-manager": {
      "inputs": {
        "nixpkgs": [
          "nixpkgs"
        ]
      },
      "locked": {
        "lastModified": 1616815633,
        "narHash": "sha256-U9DO04sb+8Qy13EJckxOJIxT2Vlc/8i089XkfBnXH0M=",
        "owner": "nix-community",
        "repo": "home-manager",
        "rev": "7b30fc99227e6c7c331a01a9fb87599e4cd8cee1",
        "type": "github"
      },
      "original": {
        "owner": "nix-community",
        "repo": "home-manager",
        "type": "github"
      }
    },
    "nixos": {
      "locked": {
        "lastModified": 1626117186,
        "narHash": "sha256-KSVWpb03y2QootRxAG4RwTI14RUn1vmz/yRgVlDJRpk=",
        "owner": "NixOS",
        "repo": "nixpkgs",
        "rev": "a7512bb64b1dd693c97b1219c24032d28f20f9e8",
        "type": "github"
      },
      "original": {
        "owner": "NixOS",
        "ref": "nixos-21.05",
        "repo": "nixpkgs",
        "type": "github"
      }
    },
    "nixpkgs": {
      "locked": {
        "lastModified": 1616670887,
        "narHash": "sha256-wn+l9qJfR5sj5Gq4DheJHAcBDfOs9K2p9seW2f35xzs=",
        "owner": "NixOS",
        "repo": "nixpkgs",
        "rev": "c0e881852006b132236cbf0301bd1939bb50867e",
        "type": "github"
      },
      "original": {
        "owner": "NixOS",
        "ref": "nixpkgs-unstable",
        "repo": "nixpkgs",
        "type": "github"
      }
    },
    "root": {
      "inputs": {
        "armada": "armada",
        "darwin": "darwin",
        "hireup": "hireup",
        "home-manager": "home-manager",
        "nixos": "nixos",
        "nixpkgs": "nixpkgs"
      }
    },
    "utils": {
      "locked": {
        "lastModified": 1610051610,
        "narHash": "sha256-U9rPz/usA1/Aohhk7Cmc2gBrEEKRzcW4nwPWMPwja4Y=",
        "owner": "numtide",
        "repo": "flake-utils",
        "rev": "3982c9903e93927c2164caa727cd3f6a0e6d14cc",
        "type": "github"
      },
      "original": {
        "owner": "numtide",
        "repo": "flake-utils",
        "type": "github"
      }
    }
  },
  "root": "root",
  "version": 7
}
