{
  "nodes": {
    "nixos": {
      "locked": {
        "lastModified": 1638896978,
        "narHash": "sha256-77+HVN43HHhJh3LL+85SzkVsD2EKMU2MmOO6bMWgUCo=",
        "owner": "NixOS",
        "repo": "nixpkgs",
        "rev": "a6ffb58af517871729f6a2568260f2cc11ceeeec",
        "type": "github"
      },
      "original": {
        "owner": "NixOS",
        "ref": "nixos-21.11-aarch64",
        "repo": "nixpkgs",
        "type": "github"
      }
    },
    "root": {
      "inputs": {
        "nixos": "nixos"
      }
    }
  },
  "root": "root",
  "version": 7
}
